
Microsoft Visual Studio Solution File, Format Version 12.00
# Visual Studio Version 17
VisualStudioVersion = 17.1.32228.430
MinimumVisualStudioVersion = 10.0.40219.1
Project("{9A19103F-16F7-4668-BE54-9A1E7A4F7556}") = "CIS_MIS", "CIS_MIS.csproj", "{31C257F4-9949-443D-B4BA-BF20C72A94E0}"
EndProject
Project("{9A19103F-16F7-4668-BE54-9A1E7A4F7556}") = "CIS_MIS_DAL", "..\CIS_MIS_DAL\CIS_MIS_DAL.csproj", "{FB3A91E3-2846-4F22-B772-AB7867CD7282}"
EndProject
Global
	GlobalSection(SolutionConfigurationPlatforms) = preSolution
		Debug|Any CPU = Debug|Any CPU
		Release|Any CPU = Release|Any CPU
	EndGlobalSection
	GlobalSection(ProjectConfigurationPlatforms) = postSolution
		{31C257F4-9949-443D-B4BA-BF20C72A94E0}.Debug|Any CPU.ActiveCfg = Debug|Any CPU
		{31C257F4-9949-443D-B4BA-BF20C72A94E0}.Debug|Any CPU.Build.0 = Debug|Any CPU
		{31C257F4-9949-443D-B4BA-BF20C72A94E0}.Release|Any CPU.ActiveCfg = Release|Any CPU
		{31C257F4-9949-443D-B4BA-BF20C72A94E0}.Release|Any CPU.Build.0 = Release|Any CPU
		{FB3A91E3-2846-4F22-B772-AB7867CD7282}.Debug|Any CPU.ActiveCfg = Debug|Any CPU
		{FB3A91E3-2846-4F22-B772-AB7867CD7282}.Debug|Any CPU.Build.0 = Debug|Any CPU
		{FB3A91E3-2846-4F22-B772-AB7867CD7282}.Release|Any CPU.ActiveCfg = Release|Any CPU
		{FB3A91E3-2846-4F22-B772-AB7867CD7282}.Release|Any CPU.Build.0 = Release|Any CPU
	EndGlobalSection
	GlobalSection(SolutionProperties) = preSolution
		HideSolutionNode = FALSE
	EndGlobalSection
	GlobalSection(ExtensibilityGlobals) = postSolution
		SolutionGuid = {26590DC7-9059-4BA2-809E-96D78BDC9711}
	EndGlobalSection
EndGlobal
